
Microsoft Visual Studio Solution File, Format Version 12.00
# Visual Studio Version 17
VisualStudioVersion = 17.10.35027.167
MinimumVisualStudioVersion = 10.0.40219.1
Project("{9A19103F-16F7-4668-BE54-9A1E7A4F7556}") = "Applications-Week-2 5.7 and 6.3", "Applications-Week-2 5.7 and 6.3.csproj", "{B82046C0-3B40-4A78-BB9F-04C363E70A8E}"
EndProject
Global
	GlobalSection(SolutionConfigurationPlatforms) = preSolution
		Debug|Any CPU = Debug|Any CPU
		Release|Any CPU = Release|Any CPU
	EndGlobalSection
	GlobalSection(ProjectConfigurationPlatforms) = postSolution
		{B82046C0-3B40-4A78-BB9F-04C363E70A8E}.Debug|Any CPU.ActiveCfg = Debug|Any CPU
		{B82046C0-3B40-4A78-BB9F-04C363E70A8E}.Debug|Any CPU.Build.0 = Debug|Any CPU
		{B82046C0-3B40-4A78-BB9F-04C363E70A8E}.Release|Any CPU.ActiveCfg = Release|Any CPU
		{B82046C0-3B40-4A78-BB9F-04C363E70A8E}.Release|Any CPU.Build.0 = Release|Any CPU
	EndGlobalSection
	GlobalSection(SolutionProperties) = preSolution
		HideSolutionNode = FALSE
	EndGlobalSection
	GlobalSection(ExtensibilityGlobals) = postSolution
		SolutionGuid = {2E28DC57-3D50-4921-AFA1-AE16C88917B2}
	EndGlobalSection
EndGlobal
